// !$*UTF8*$!
{
	archiveVersion = 1;
	classes = {
	};
	objectVersion = 48;
	objects = {

/* Begin PBXBuildFile section */
		010998DE205A5F2A003E0E6B /* AppDelegate.m in Sources */ = {isa = PBXBuildFile; fileRef = 010998DD205A5F2A003E0E6B /* AppDelegate.m */; };
		010998E1205A5F2A003E0E6B /* ViewController.m in Sources */ = {isa = PBXBuildFile; fileRef = 010998E0205A5F2A003E0E6B /* ViewController.m */; };
		010998E4205A5F2A003E0E6B /* Main.storyboard in Resources */ = {isa = PBXBuildFile; fileRef = 010998E2205A5F2A003E0E6B /* Main.storyboard */; };
		010998E6205A5F2A003E0E6B /* Assets.xcassets in Resources */ = {isa = PBXBuildFile; fileRef = 010998E5205A5F2A003E0E6B /* Assets.xcassets */; };
		010998E9205A5F2A003E0E6B /* LaunchScreen.storyboard in Resources */ = {isa = PBXBuildFile; fileRef = 010998E7205A5F2A003E0E6B /* LaunchScreen.storyboard */; };
		010998EC205A5F2A003E0E6B /* main.m in Sources */ = {isa = PBXBuildFile; fileRef = 010998EB205A5F2A003E0E6B /* main.m */; };
		010998F6205A5F2A003E0E6B /* Objective_C1Tests.m in Sources */ = {isa = PBXBuildFile; fileRef = 010998F5205A5F2A003E0E6B /* Objective_C1Tests.m */; };
		01099901205A5F2A003E0E6B /* Objective_C1UITests.m in Sources */ = {isa = PBXBuildFile; fileRef = 01099900205A5F2A003E0E6B /* Objective_C1UITests.m */; };
		01099910205A5F48003E0E6B /* NewViewController.m in Sources */ = {isa = PBXBuildFile; fileRef = 0109990F205A5F48003E0E6B /* NewViewController.m */; };
		01099914205A6541003E0E6B /* SQLViewController.m in Sources */ = {isa = PBXBuildFile; fileRef = 01099912205A6541003E0E6B /* SQLViewController.m */; };
		01099915205A6541003E0E6B /* SQLViewController.xib in Resources */ = {isa = PBXBuildFile; fileRef = 01099913205A6541003E0E6B /* SQLViewController.xib */; };
		01099922205A6895003E0E6B /* FMDatabase.m in Sources */ = {isa = PBXBuildFile; fileRef = 01099918205A6895003E0E6B /* FMDatabase.m */; };
		01099923205A6895003E0E6B /* FMDatabaseAdditions.m in Sources */ = {isa = PBXBuildFile; fileRef = 0109991A205A6895003E0E6B /* FMDatabaseAdditions.m */; };
		01099924205A6895003E0E6B /* FMDatabasePool.m in Sources */ = {isa = PBXBuildFile; fileRef = 0109991C205A6895003E0E6B /* FMDatabasePool.m */; };
		01099925205A6895003E0E6B /* FMDatabaseQueue.m in Sources */ = {isa = PBXBuildFile; fileRef = 0109991E205A6895003E0E6B /* FMDatabaseQueue.m */; };
		01099926205A6895003E0E6B /* FMResultSet.m in Sources */ = {isa = PBXBuildFile; fileRef = 01099921205A6895003E0E6B /* FMResultSet.m */; };
/* End PBXBuildFile section */

/* Begin PBXContainerItemProxy section */
		010998F2205A5F2A003E0E6B /* PBXContainerItemProxy */ = {
			isa = PBXContainerItemProxy;
			containerPortal = 010998D1205A5F2A003E0E6B /* Project object */;
			proxyType = 1;
			remoteGlobalIDString = 010998D8205A5F2A003E0E6B;
			remoteInfo = "Objective-C1";
		};
		010998FD205A5F2A003E0E6B /* PBXContainerItemProxy */ = {
			isa = PBXContainerItemProxy;
			containerPortal = 010998D1205A5F2A003E0E6B /* Project object */;
			proxyType = 1;
			remoteGlobalIDString = 010998D8205A5F2A003E0E6B;
			remoteInfo = "Objective-C1";
		};
/* End PBXContainerItemProxy section */

/* Begin PBXFileReference section */
		010998D9205A5F2A003E0E6B /* Objective-C1.app */ = {isa = PBXFileReference; explicitFileType = wrapper.application; includeInIndex = 0; path = "Objective-C1.app"; sourceTree = BUILT_PRODUCTS_DIR; };
		010998DC205A5F2A003E0E6B /* AppDelegate.h */ = {isa = PBXFileReference; lastKnownFileType = sourcecode.c.h; path = AppDelegate.h; sourceTree = "<group>"; };
		010998DD205A5F2A003E0E6B /* AppDelegate.m */ = {isa = PBXFileReference; lastKnownFileType = sourcecode.c.objc; path = AppDelegate.m; sourceTree = "<group>"; };
		010998DF205A5F2A003E0E6B /* ViewController.h */ = {isa = PBXFileReference; lastKnownFileType = sourcecode.c.h; path = ViewController.h; sourceTree = "<group>"; };
		010998E0205A5F2A003E0E6B /* ViewController.m */ = {isa = PBXFileReference; lastKnownFileType = sourcecode.c.objc; path = ViewController.m; sourceTree = "<group>"; };
		010998E3205A5F2A003E0E6B /* Base */ = {isa = PBXFileReference; lastKnownFileType = file.storyboard; name = Base; path = Base.lproj/Main.storyboard; sourceTree = "<group>"; };
		010998E5205A5F2A003E0E6B /* Assets.xcassets */ = {isa = PBXFileReference; lastKnownFileType = folder.assetcatalog; path = Assets.xcassets; sourceTree = "<group>"; };
		010998E8205A5F2A003E0E6B /* Base */ = {isa = PBXFileReference; lastKnownFileType = file.storyboard; name = Base; path = Base.lproj/LaunchScreen.storyboard; sourceTree = "<group>"; };
		010998EA205A5F2A003E0E6B /* Info.plist */ = {isa = PBXFileReference; lastKnownFileType = text.plist.xml; path = Info.plist; sourceTree = "<group>"; };
		010998EB205A5F2A003E0E6B /* main.m */ = {isa = PBXFileReference; lastKnownFileType = sourcecode.c.objc; path = main.m; sourceTree = "<group>"; };
		010998F1205A5F2A003E0E6B /* Objective-C1Tests.xctest */ = {isa = PBXFileReference; explicitFileType = wrapper.cfbundle; includeInIndex = 0; path = "Objective-C1Tests.xctest"; sourceTree = BUILT_PRODUCTS_DIR; };
		010998F5205A5F2A003E0E6B /* Objective_C1Tests.m */ = {isa = PBXFileReference; lastKnownFileType = sourcecode.c.objc; path = Objective_C1Tests.m; sourceTree = "<group>"; };
		010998F7205A5F2A003E0E6B /* Info.plist */ = {isa = PBXFileReference; lastKnownFileType = text.plist.xml; path = Info.plist; sourceTree = "<group>"; };
		010998FC205A5F2A003E0E6B /* Objective-C1UITests.xctest */ = {isa = PBXFileReference; explicitFileType = wrapper.cfbundle; includeInIndex = 0; path = "Objective-C1UITests.xctest"; sourceTree = BUILT_PRODUCTS_DIR; };
		01099900205A5F2A003E0E6B /* Objective_C1UITests.m */ = {isa = PBXFileReference; lastKnownFileType = sourcecode.c.objc; path = Objective_C1UITests.m; sourceTree = "<group>"; };
		01099902205A5F2A003E0E6B /* Info.plist */ = {isa = PBXFileReference; lastKnownFileType = text.plist.xml; path = Info.plist; sourceTree = "<group>"; };
		0109990E205A5F48003E0E6B /* NewViewController.h */ = {isa = PBXFileReference; lastKnownFileType = sourcecode.c.h; path = NewViewController.h; sourceTree = "<group>"; };
		0109990F205A5F48003E0E6B /* NewViewController.m */ = {isa = PBXFileReference; lastKnownFileType = sourcecode.c.objc; path = NewViewController.m; sourceTree = "<group>"; };
		01099911205A6541003E0E6B /* SQLViewController.h */ = {isa = PBXFileReference; lastKnownFileType = sourcecode.c.h; path = SQLViewController.h; sourceTree = "<group>"; };
		01099912205A6541003E0E6B /* SQLViewController.m */ = {isa = PBXFileReference; lastKnownFileType = sourcecode.c.objc; path = SQLViewController.m; sourceTree = "<group>"; };
		01099913205A6541003E0E6B /* SQLViewController.xib */ = {isa = PBXFileReference; lastKnownFileType = file.xib; path = SQLViewController.xib; sourceTree = "<group>"; };
		01099917205A6895003E0E6B /* FMDatabase.h */ = {isa = PBXFileReference; fileEncoding = 4; lastKnownFileType = sourcecode.c.h; path = FMDatabase.h; sourceTree = "<group>"; };
		01099918205A6895003E0E6B /* FMDatabase.m */ = {isa = PBXFileReference; fileEncoding = 4; lastKnownFileType = sourcecode.c.objc; path = FMDatabase.m; sourceTree = "<group>"; };
		01099919205A6895003E0E6B /* FMDatabaseAdditions.h */ = {isa = PBXFileReference; fileEncoding = 4; lastKnownFileType = sourcecode.c.h; path = FMDatabaseAdditions.h; sourceTree = "<group>"; };
		0109991A205A6895003E0E6B /* FMDatabaseAdditions.m */ = {isa = PBXFileReference; fileEncoding = 4; lastKnownFileType = sourcecode.c.objc; path = FMDatabaseAdditions.m; sourceTree = "<group>"; };
		0109991B205A6895003E0E6B /* FMDatabasePool.h */ = {isa = PBXFileReference; fileEncoding = 4; lastKnownFileType = sourcecode.c.h; path = FMDatabasePool.h; sourceTree = "<group>"; };
		0109991C205A6895003E0E6B /* FMDatabasePool.m */ = {isa = PBXFileReference; fileEncoding = 4; lastKnownFileType = sourcecode.c.objc; path = FMDatabasePool.m; sourceTree = "<group>"; };
		0109991D205A6895003E0E6B /* FMDatabaseQueue.h */ = {isa = PBXFileReference; fileEncoding = 4; lastKnownFileType = sourcecode.c.h; path = FMDatabaseQueue.h; sourceTree = "<group>"; };
		0109991E205A6895003E0E6B /* FMDatabaseQueue.m */ = {isa = PBXFileReference; fileEncoding = 4; lastKnownFileType = sourcecode.c.objc; path = FMDatabaseQueue.m; sourceTree = "<group>"; };
		0109991F205A6895003E0E6B /* FMDB.h */ = {isa = PBXFileReference; fileEncoding = 4; lastKnownFileType = sourcecode.c.h; path = FMDB.h; sourceTree = "<group>"; };
		01099920205A6895003E0E6B /* FMResultSet.h */ = {isa = PBXFileReference; fileEncoding = 4; lastKnownFileType = sourcecode.c.h; path = FMResultSet.h; sourceTree = "<group>"; };
		01099921205A6895003E0E6B /* FMResultSet.m */ = {isa = PBXFileReference; fileEncoding = 4; lastKnownFileType = sourcecode.c.objc; path = FMResultSet.m; sourceTree = "<group>"; };
/* End PBXFileReference section */

/* Begin PBXFrameworksBuildPhase section */
		010998D6205A5F2A003E0E6B /* Frameworks */ = {
			isa = PBXFrameworksBuildPhase;
			buildActionMask = 2147483647;
			files = (
			);
			runOnlyForDeploymentPostprocessing = 0;
		};
		010998EE205A5F2A003E0E6B /* Frameworks */ = {
			isa = PBXFrameworksBuildPhase;
			buildActionMask = 2147483647;
			files = (
			);
			runOnlyForDeploymentPostprocessing = 0;
		};
		010998F9205A5F2A003E0E6B /* Frameworks */ = {
			isa = PBXFrameworksBuildPhase;
			buildActionMask = 2147483647;
			files = (
			);
			runOnlyForDeploymentPostprocessing = 0;
		};
/* End PBXFrameworksBuildPhase section */

/* Begin PBXGroup section */
		010998D0205A5F2A003E0E6B = {
			isa = PBXGroup;
			children = (
				010998DB205A5F2A003E0E6B /* Objective-C1 */,
				010998F4205A5F2A003E0E6B /* Objective-C1Tests */,
				010998FF205A5F2A003E0E6B /* Objective-C1UITests */,
				010998DA205A5F2A003E0E6B /* Products */,
			);
			sourceTree = "<group>";
		};
		010998DA205A5F2A003E0E6B /* Products */ = {
			isa = PBXGroup;
			children = (
				010998D9205A5F2A003E0E6B /* Objective-C1.app */,
				010998F1205A5F2A003E0E6B /* Objective-C1Tests.xctest */,
				010998FC205A5F2A003E0E6B /* Objective-C1UITests.xctest */,
			);
			name = Products;
			sourceTree = "<group>";
		};
		010998DB205A5F2A003E0E6B /* Objective-C1 */ = {
			isa = PBXGroup;
			children = (
				01099916205A6895003E0E6B /* fmdb */,
				010998DC205A5F2A003E0E6B /* AppDelegate.h */,
				010998DD205A5F2A003E0E6B /* AppDelegate.m */,
				010998DF205A5F2A003E0E6B /* ViewController.h */,
				010998E0205A5F2A003E0E6B /* ViewController.m */,
				0109990E205A5F48003E0E6B /* NewViewController.h */,
				0109990F205A5F48003E0E6B /* NewViewController.m */,
				01099911205A6541003E0E6B /* SQLViewController.h */,
				01099912205A6541003E0E6B /* SQLViewController.m */,
				01099913205A6541003E0E6B /* SQLViewController.xib */,
				010998E2205A5F2A003E0E6B /* Main.storyboard */,
				010998E5205A5F2A003E0E6B /* Assets.xcassets */,
				010998E7205A5F2A003E0E6B /* LaunchScreen.storyboard */,
				010998EA205A5F2A003E0E6B /* Info.plist */,
				010998EB205A5F2A003E0E6B /* main.m */,
			);
			path = "Objective-C1";
			sourceTree = "<group>";
		};
		010998F4205A5F2A003E0E6B /* Objective-C1Tests */ = {
			isa = PBXGroup;
			children = (
				010998F5205A5F2A003E0E6B /* Objective_C1Tests.m */,
				010998F7205A5F2A003E0E6B /* Info.plist */,
			);
			path = "Objective-C1Tests";
			sourceTree = "<group>";
		};
		010998FF205A5F2A003E0E6B /* Objective-C1UITests */ = {
			isa = PBXGroup;
			children = (
				01099900205A5F2A003E0E6B /* Objective_C1UITests.m */,
				01099902205A5F2A003E0E6B /* Info.plist */,
			);
			path = "Objective-C1UITests";
			sourceTree = "<group>";
		};
		01099916205A6895003E0E6B /* fmdb */ = {
			isa = PBXGroup;
			children = (
				01099917205A6895003E0E6B /* FMDatabase.h */,
				01099918205A6895003E0E6B /* FMDatabase.m */,
				01099919205A6895003E0E6B /* FMDatabaseAdditions.h */,
				0109991A205A6895003E0E6B /* FMDatabaseAdditions.m */,
				0109991B205A6895003E0E6B /* FMDatabasePool.h */,
				0109991C205A6895003E0E6B /* FMDatabasePool.m */,
				0109991D205A6895003E0E6B /* FMDatabaseQueue.h */,
				0109991E205A6895003E0E6B /* FMDatabaseQueue.m */,
				0109991F205A6895003E0E6B /* FMDB.h */,
				01099920205A6895003E0E6B /* FMResultSet.h */,
				01099921205A6895003E0E6B /* FMResultSet.m */,
			);
			path = fmdb;
			sourceTree = "<group>";
		};
/* End PBXGroup section */

/* Begin PBXNativeTarget section */
		010998D8205A5F2A003E0E6B /* Objective-C1 */ = {
			isa = PBXNativeTarget;
			buildConfigurationList = 01099905205A5F2A003E0E6B /* Build configuration list for PBXNativeTarget "Objective-C1" */;
			buildPhases = (
				010998D5205A5F2A003E0E6B /* Sources */,
				010998D6205A5F2A003E0E6B /* Frameworks */,
				010998D7205A5F2A003E0E6B /* Resources */,
			);
			buildRules = (
			);
			dependencies = (
			);
			name = "Objective-C1";
			productName = "Objective-C1";
			productReference = 010998D9205A5F2A003E0E6B /* Objective-C1.app */;
			productType = "com.apple.product-type.application";
		};
		010998F0205A5F2A003E0E6B /* Objective-C1Tests */ = {
			isa = PBXNativeTarget;
			buildConfigurationList = 01099908205A5F2A003E0E6B /* Build configuration list for PBXNativeTarget "Objective-C1Tests" */;
			buildPhases = (
				010998ED205A5F2A003E0E6B /* Sources */,
				010998EE205A5F2A003E0E6B /* Frameworks */,
				010998EF205A5F2A003E0E6B /* Resources */,
			);
			buildRules = (
			);
			dependencies = (
				010998F3205A5F2A003E0E6B /* PBXTargetDependency */,
			);
			name = "Objective-C1Tests";
			productName = "Objective-C1Tests";
			productReference = 010998F1205A5F2A003E0E6B /* Objective-C1Tests.xctest */;
			productType = "com.apple.product-type.bundle.unit-test";
		};
		010998FB205A5F2A003E0E6B /* Objective-C1UITests */ = {
			isa = PBXNativeTarget;
			buildConfigurationList = 0109990B205A5F2A003E0E6B /* Build configuration list for PBXNativeTarget "Objective-C1UITests" */;
			buildPhases = (
				010998F8205A5F2A003E0E6B /* Sources */,
				010998F9205A5F2A003E0E6B /* Frameworks */,
				010998FA205A5F2A003E0E6B /* Resources */,
			);
			buildRules = (
			);
			dependencies = (
				010998FE205A5F2A003E0E6B /* PBXTargetDependency */,
			);
			name = "Objective-C1UITests";
			productName = "Objective-C1UITests";
			productReference = 010998FC205A5F2A003E0E6B /* Objective-C1UITests.xctest */;
			productType = "com.apple.product-type.bundle.ui-testing";
		};
/* End PBXNativeTarget section */

/* Begin PBXProject section */
		010998D1205A5F2A003E0E6B /* Project object */ = {
			isa = PBXProject;
			attributes = {
				LastUpgradeCheck = 0920;
				ORGANIZATIONNAME = He;
				TargetAttributes = {
					010998D8205A5F2A003E0E6B = {
						CreatedOnToolsVersion = 9.2;
						ProvisioningStyle = Automatic;
					};
					010998F0205A5F2A003E0E6B = {
						CreatedOnToolsVersion = 9.2;
						ProvisioningStyle = Automatic;
						TestTargetID = 010998D8205A5F2A003E0E6B;
					};
					010998FB205A5F2A003E0E6B = {
						CreatedOnToolsVersion = 9.2;
						ProvisioningStyle = Automatic;
						TestTargetID = 010998D8205A5F2A003E0E6B;
					};
				};
			};
			buildConfigurationList = 010998D4205A5F2A003E0E6B /* Build configuration list for PBXProject "Objective-C1" */;
			compatibilityVersion = "Xcode 8.0";
			developmentRegion = en;
			hasScannedForEncodings = 0;
			knownRegions = (
				en,
				Base,
			);
			mainGroup = 010998D0205A5F2A003E0E6B;
			productRefGroup = 010998DA205A5F2A003E0E6B /* Products */;
			projectDirPath = "";
			projectRoot = "";
			targets = (
				010998D8205A5F2A003E0E6B /* Objective-C1 */,
				010998F0205A5F2A003E0E6B /* Objective-C1Tests */,
				010998FB205A5F2A003E0E6B /* Objective-C1UITests */,
			);
		};
/* End PBXProject section */

/* Begin PBXResourcesBuildPhase section */
		010998D7205A5F2A003E0E6B /* Resources */ = {
			isa = PBXResourcesBuildPhase;
			buildActionMask = 2147483647;
			files = (
				010998E9205A5F2A003E0E6B /* LaunchScreen.storyboard in Resources */,
				01099915205A6541003E0E6B /* SQLViewController.xib in Resources */,
				010998E6205A5F2A003E0E6B /* Assets.xcassets in Resources */,
				010998E4205A5F2A003E0E6B /* Main.storyboard in Resources */,
			);
			runOnlyForDeploymentPostprocessing = 0;
		};
		010998EF205A5F2A003E0E6B /* Resources */ = {
			isa = PBXResourcesBuildPhase;
			buildActionMask = 2147483647;
			files = (
			);
			runOnlyForDeploymentPostprocessing = 0;
		};
		010998FA205A5F2A003E0E6B /* Resources */ = {
			isa = PBXResourcesBuildPhase;
			buildActionMask = 2147483647;
			files = (
			);
			runOnlyForDeploymentPostprocessing = 0;
		};
/* End PBXResourcesBuildPhase section */

/* Begin PBXSourcesBuildPhase section */
		010998D5205A5F2A003E0E6B /* Sources */ = {
			isa = PBXSourcesBuildPhase;
			buildActionMask = 2147483647;
			files = (
				010998E1205A5F2A003E0E6B /* ViewController.m in Sources */,
				01099914205A6541003E0E6B /* SQLViewController.m in Sources */,
				010998EC205A5F2A003E0E6B /* main.m in Sources */,
				01099922205A6895003E0E6B /* FMDatabase.m in Sources */,
				01099926205A6895003E0E6B /* FMResultSet.m in Sources */,
				010998DE205A5F2A003E0E6B /* AppDelegate.m in Sources */,
				01099924205A6895003E0E6B /* FMDatabasePool.m in Sources */,
				01099923205A6895003E0E6B /* FMDatabaseAdditions.m in Sources */,
				01099910205A5F48003E0E6B /* NewViewController.m in Sources */,
				01099925205A6895003E0E6B /* FMDatabaseQueue.m in Sources */,
			);
			runOnlyForDeploymentPostprocessing = 0;
		};
		010998ED205A5F2A003E0E6B /* Sources */ = {
			isa = PBXSourcesBuildPhase;
			buildActionMask = 2147483647;
			files = (
				010998F6205A5F2A003E0E6B /* Objective_C1Tests.m in Sources */,
			);
			runOnlyForDeploymentPostprocessing = 0;
		};
		010998F8205A5F2A003E0E6B /* Sources */ = {
			isa = PBXSourcesBuildPhase;
			buildActionMask = 2147483647;
			files = (
				01099901205A5F2A003E0E6B /* Objective_C1UITests.m in Sources */,
			);
			runOnlyForDeploymentPostprocessing = 0;
		};
/* End PBXSourcesBuildPhase section */

/* Begin PBXTargetDependency section */
		010998F3205A5F2A003E0E6B /* PBXTargetDependency */ = {
			isa = PBXTargetDependency;
			target = 010998D8205A5F2A003E0E6B /* Objective-C1 */;
			targetProxy = 010998F2205A5F2A003E0E6B /* PBXContainerItemProxy */;
		};
		010998FE205A5F2A003E0E6B /* PBXTargetDependency */ = {
			isa = PBXTargetDependency;
			target = 010998D8205A5F2A003E0E6B /* Objective-C1 */;
			targetProxy = 010998FD205A5F2A003E0E6B /* PBXContainerItemProxy */;
		};
/* End PBXTargetDependency section */

/* Begin PBXVariantGroup section */
		010998E2205A5F2A003E0E6B /* Main.storyboard */ = {
			isa = PBXVariantGroup;
			children = (
				010998E3205A5F2A003E0E6B /* Base */,
			);
			name = Main.storyboard;
			sourceTree = "<group>";
		};
		010998E7205A5F2A003E0E6B /* LaunchScreen.storyboard */ = {
			isa = PBXVariantGroup;
			children = (
				010998E8205A5F2A003E0E6B /* Base */,
			);
			name = LaunchScreen.storyboard;
			sourceTree = "<group>";
		};
/* End PBXVariantGroup section */

/* Begin XCBuildConfiguration section */
		01099903205A5F2A003E0E6B /* Debug */ = {
			isa = XCBuildConfiguration;
			buildSettings = {
				ALWAYS_SEARCH_USER_PATHS = NO;
				CLANG_ANALYZER_NONNULL = YES;
				CLANG_ANALYZER_NUMBER_OBJECT_CONVERSION = YES_AGGRESSIVE;
				CLANG_CXX_LANGUAGE_STANDARD = "gnu++14";
				CLANG_CXX_LIBRARY = "libc++";
				CLANG_ENABLE_MODULES = YES;
				CLANG_ENABLE_OBJC_ARC = YES;
				CLANG_WARN_BLOCK_CAPTURE_AUTORELEASING = YES;
				CLANG_WARN_BOOL_CONVERSION = YES;
				CLANG_WARN_COMMA = YES;
				CLANG_WARN_CONSTANT_CONVERSION = YES;
				CLANG_WARN_DIRECT_OBJC_ISA_USAGE = YES_ERROR;
				CLANG_WARN_DOCUMENTATION_COMMENTS = YES;
				CLANG_WARN_EMPTY_BODY = YES;
				CLANG_WARN_ENUM_CONVERSION = YES;
				CLANG_WARN_INFINITE_RECURSION = YES;
				CLANG_WARN_INT_CONVERSION = YES;
				CLANG_WARN_NON_LITERAL_NULL_CONVERSION = YES;
				CLANG_WARN_OBJC_LITERAL_CONVERSION = YES;
				CLANG_WARN_OBJC_ROOT_CLASS = YES_ERROR;
				CLANG_WARN_RANGE_LOOP_ANALYSIS = YES;
				CLANG_WARN_STRICT_PROTOTYPES = YES;
				CLANG_WARN_SUSPICIOUS_MOVE = YES;
				CLANG_WARN_UNGUARDED_AVAILABILITY = YES_AGGRESSIVE;
				CLANG_WARN_UNREACHABLE_CODE = YES;
				CLANG_WARN__DUPLICATE_METHOD_MATCH = YES;
				CODE_SIGN_IDENTITY = "iPhone Developer";
				COPY_PHASE_STRIP = NO;
				DEBUG_INFORMATION_FORMAT = dwarf;
				ENABLE_STRICT_OBJC_MSGSEND = YES;
				ENABLE_TESTABILITY = YES;
				GCC_C_LANGUAGE_STANDARD = gnu11;
				GCC_DYNAMIC_NO_PIC = NO;
				GCC_NO_COMMON_BLOCKS = YES;
				GCC_OPTIMIZATION_LEVEL = 0;
				GCC_PREPROCESSOR_DEFINITIONS = (
					"DEBUG=1",
					"$(inherited)",
				);
				GCC_WARN_64_TO_32_BIT_CONVERSION = YES;
				GCC_WARN_ABOUT_RETURN_TYPE = YES_ERROR;
				GCC_WARN_UNDECLARED_SELECTOR = YES;
				GCC_WARN_UNINITIALIZED_AUTOS = YES_AGGRESSIVE;
				GCC_WARN_UNUSED_FUNCTION = YES;
				GCC_WARN_UNUSED_VARIABLE = YES;
				IPHONEOS_DEPLOYMENT_TARGET = 11.2;
				MTL_ENABLE_DEBUG_INFO = YES;
				ONLY_ACTIVE_ARCH = YES;
				SDKROOT = iphoneos;
			};
			name = Debug;
		};
		01099904205A5F2A003E0E6B /* Release */ = {
			isa = XCBuildConfiguration;
			buildSettings = {
				ALWAYS_SEARCH_USER_PATHS = NO;
				CLANG_ANALYZER_NONNULL = YES;
				CLANG_ANALYZER_NUMBER_OBJECT_CONVERSION = YES_AGGRESSIVE;
				CLANG_CXX_LANGUAGE_STANDARD = "gnu++14";
				CLANG_CXX_LIBRARY = "libc++";
				CLANG_ENABLE_MODULES = YES;
				CLANG_ENABLE_OBJC_ARC = YES;
				CLANG_WARN_BLOCK_CAPTURE_AUTORELEASING = YES;
				CLANG_WARN_BOOL_CONVERSION = YES;
				CLANG_WARN_COMMA = YES;
				CLANG_WARN_CONSTANT_CONVERSION = YES;
				CLANG_WARN_DIRECT_OBJC_ISA_USAGE = YES_ERROR;
				CLANG_WARN_DOCUMENTATION_COMMENTS = YES;
				CLANG_WARN_EMPTY_BODY = YES;
				CLANG_WARN_ENUM_CONVERSION = YES;
				CLANG_WARN_INFINITE_RECURSION = YES;
				CLANG_WARN_INT_CONVERSION = YES;
				CLANG_WARN_NON_LITERAL_NULL_CONVERSION = YES;
				CLANG_WARN_OBJC_LITERAL_CONVERSION = YES;
				CLANG_WARN_OBJC_ROOT_CLASS = YES_ERROR;
				CLANG_WARN_RANGE_LOOP_ANALYSIS = YES;
				CLANG_WARN_STRICT_PROTOTYPES = YES;
				CLANG_WARN_SUSPICIOUS_MOVE = YES;
				CLANG_WARN_UNGUARDED_AVAILABILITY = YES_AGGRESSIVE;
				CLANG_WARN_UNREACHABLE_CODE = YES;
				CLANG_WARN__DUPLICATE_METHOD_MATCH = YES;
				CODE_SIGN_IDENTITY = "iPhone Developer";
				COPY_PHASE_STRIP = NO;
				DEBUG_INFORMATION_FORMAT = "dwarf-with-dsym";
				ENABLE_NS_ASSERTIONS = NO;
				ENABLE_STRICT_OBJC_MSGSEND = YES;
				GCC_C_LANGUAGE_STANDARD = gnu11;
				GCC_NO_COMMON_BLOCKS = YES;
				GCC_WARN_64_TO_32_BIT_CONVERSION = YES;
				GCC_WARN_ABOUT_RETURN_TYPE = YES_ERROR;
				GCC_WARN_UNDECLARED_SELECTOR = YES;
				GCC_WARN_UNINITIALIZED_AUTOS = YES_AGGRESSIVE;
				GCC_WARN_UNUSED_FUNCTION = YES;
				GCC_WARN_UNUSED_VARIABLE = YES;
				IPHONEOS_DEPLOYMENT_TARGET = 11.2;
				MTL_ENABLE_DEBUG_INFO = NO;
				SDKROOT = iphoneos;
				VALIDATE_PRODUCT = YES;
			};
			name = Release;
		};
		01099906205A5F2A003E0E6B /* Debug */ = {
			isa = XCBuildConfiguration;
			buildSettings = {
				ASSETCATALOG_COMPILER_APPICON_NAME = AppIcon;
				CODE_SIGN_STYLE = Automatic;
				DEVELOPMENT_TEAM = 7G6437C725;
				INFOPLIST_FILE = "Objective-C1/Info.plist";
				LD_RUNPATH_SEARCH_PATHS = "$(inherited) @executable_path/Frameworks";
				PRODUCT_BUNDLE_IDENTIFIER = "com.fjykt.Objective-C1";
				PRODUCT_NAME = "$(TARGET_NAME)";
				TARGETED_DEVICE_FAMILY = "1,2";
			};
			name = Debug;
		};
		01099907205A5F2A003E0E6B /* Release */ = {
			isa = XCBuildConfiguration;
			buildSettings = {
				ASSETCATALOG_COMPILER_APPICON_NAME = AppIcon;
				CODE_SIGN_STYLE = Automatic;
				DEVELOPMENT_TEAM = 7G6437C725;
				INFOPLIST_FILE = "Objective-C1/Info.plist";
				LD_RUNPATH_SEARCH_PATHS = "$(inherited) @executable_path/Frameworks";
				PRODUCT_BUNDLE_IDENTIFIER = "com.fjykt.Objective-C1";
				PRODUCT_NAME = "$(TARGET_NAME)";
				TARGETED_DEVICE_FAMILY = "1,2";
			};
			name = Release;
		};
		01099909205A5F2A003E0E6B /* Debug */ = {
			isa = XCBuildConfiguration;
			buildSettings = {
				BUNDLE_LOADER = "$(TEST_HOST)";
				CODE_SIGN_STYLE = Automatic;
				DEVELOPMENT_TEAM = 7G6437C725;
				INFOPLIST_FILE = "Objective-C1Tests/Info.plist";
				LD_RUNPATH_SEARCH_PATHS = "$(inherited) @executable_path/Frameworks @loader_path/Frameworks";
				PRODUCT_BUNDLE_IDENTIFIER = "com.fjykt.Objective-C1Tests";
				PRODUCT_NAME = "$(TARGET_NAME)";
				TARGETED_DEVICE_FAMILY = "1,2";
				TEST_HOST = "$(BUILT_PRODUCTS_DIR)/Objective-C1.app/Objective-C1";
			};
			name = Debug;
		};
		0109990A205A5F2A003E0E6B /* Release */ = {
			isa = XCBuildConfiguration;
			buildSettings = {
				BUNDLE_LOADER = "$(TEST_HOST)";
				CODE_SIGN_STYLE = Automatic;
				DEVELOPMENT_TEAM = 7G6437C725;
				INFOPLIST_FILE = "Objective-C1Tests/Info.plist";
				LD_RUNPATH_SEARCH_PATHS = "$(inherited) @executable_path/Frameworks @loader_path/Frameworks";
				PRODUCT_BUNDLE_IDENTIFIER = "com.fjykt.Objective-C1Tests";
				PRODUCT_NAME = "$(TARGET_NAME)";
				TARGETED_DEVICE_FAMILY = "1,2";
				TEST_HOST = "$(BUILT_PRODUCTS_DIR)/Objective-C1.app/Objective-C1";
			};
			name = Release;
		};
		0109990C205A5F2A003E0E6B /* Debug */ = {
			isa = XCBuildConfiguration;
			buildSettings = {
				CODE_SIGN_STYLE = Automatic;
				DEVELOPMENT_TEAM = 7G6437C725;
				INFOPLIST_FILE = "Objective-C1UITests/Info.plist";
				LD_RUNPATH_SEARCH_PATHS = "$(inherited) @executable_path/Frameworks @loader_path/Frameworks";
				PRODUCT_BUNDLE_IDENTIFIER = "com.fjykt.Objective-C1UITests";
				PRODUCT_NAME = "$(TARGET_NAME)";
				TARGETED_DEVICE_FAMILY = "1,2";
				TEST_TARGET_NAME = "Objective-C1";
			};
			name = Debug;
		};
		0109990D205A5F2A003E0E6B /* Release */ = {
			isa = XCBuildConfiguration;
			buildSettings = {
				CODE_SIGN_STYLE = Automatic;
				DEVELOPMENT_TEAM = 7G6437C725;
				INFOPLIST_FILE = "Objective-C1UITests/Info.plist";
				LD_RUNPATH_SEARCH_PATHS = "$(inherited) @executable_path/Frameworks @loader_path/Frameworks";
				PRODUCT_BUNDLE_IDENTIFIER = "com.fjykt.Objective-C1UITests";
				PRODUCT_NAME = "$(TARGET_NAME)";
				TARGETED_DEVICE_FAMILY = "1,2";
				TEST_TARGET_NAME = "Objective-C1";
			};
			name = Release;
		};
/* End XCBuildConfiguration section */

/* Begin XCConfigurationList section */
		010998D4205A5F2A003E0E6B /* Build configuration list for PBXProject "Objective-C1" */ = {
			isa = XCConfigurationList;
			buildConfigurations = (
				01099903205A5F2A003E0E6B /* Debug */,
				01099904205A5F2A003E0E6B /* Release */,
			);
			defaultConfigurationIsVisible = 0;
			defaultConfigurationName = Release;
		};
		01099905205A5F2A003E0E6B /* Build configuration list for PBXNativeTarget "Objective-C1" */ = {
			isa = XCConfigurationList;
			buildConfigurations = (
				01099906205A5F2A003E0E6B /* Debug */,
				01099907205A5F2A003E0E6B /* Release */,
			);
			defaultConfigurationIsVisible = 0;
			defaultConfigurationName = Release;
		};
		01099908205A5F2A003E0E6B /* Build configuration list for PBXNativeTarget "Objective-C1Tests" */ = {
			isa = XCConfigurationList;
			buildConfigurations = (
				01099909205A5F2A003E0E6B /* Debug */,
				0109990A205A5F2A003E0E6B /* Release */,
			);
			defaultConfigurationIsVisible = 0;
			defaultConfigurationName = Release;
		};
		0109990B205A5F2A003E0E6B /* Build configuration list for PBXNativeTarget "Objective-C1UITests" */ = {
			isa = XCConfigurationList;
			buildConfigurations = (
				0109990C205A5F2A003E0E6B /* Debug */,
				0109990D205A5F2A003E0E6B /* Release */,
			);
			defaultConfigurationIsVisible = 0;
			defaultConfigurationName = Release;
		};
/* End XCConfigurationList section */
	};
	rootObject = 010998D1205A5F2A003E0E6B /* Project object */;
}
